
Microsoft Visual Studio Solution File, Format Version 12.00
# Visual Studio Version 17
VisualStudioVersion = 17.13.35818.85 d17.13
MinimumVisualStudioVersion = 10.0.40219.1
Project("{FAE04EC0-301F-11D3-BF4B-00C04F79EFBC}") = "WebApplication", "WebApplication\WebApplication.csproj", "{A76EF334-2752-43D4-9E32-1532143A89A5}"
EndProject
Global
	GlobalSection(SolutionConfigurationPlatforms) = preSolution
		Debug|Any CPU = Debug|Any CPU
		Release|Any CPU = Release|Any CPU
	EndGlobalSection
	GlobalSection(ProjectConfigurationPlatforms) = postSolution
		{A76EF334-2752-43D4-9E32-1532143A89A5}.Debug|Any CPU.ActiveCfg = Debug|Any CPU
		{A76EF334-2752-43D4-9E32-1532143A89A5}.Debug|Any CPU.Build.0 = Debug|Any CPU
		{A76EF334-2752-43D4-9E32-1532143A89A5}.Release|Any CPU.ActiveCfg = Release|Any CPU
		{A76EF334-2752-43D4-9E32-1532143A89A5}.Release|Any CPU.Build.0 = Release|Any CPU
	EndGlobalSection
	GlobalSection(SolutionProperties) = preSolution
		HideSolutionNode = FALSE
	EndGlobalSection
	GlobalSection(ExtensibilityGlobals) = postSolution
		SolutionGuid = {56951EE9-6AA2-42D7-8385-4C689ED4619D}
	EndGlobalSection
EndGlobal
